# This file is automatically @generated by Cargo.
# It is not intended for manual editing.
version = 4

[[package]]
name = "bpaf"
version = "0.9.20"
source = "registry+https://github.com/rust-lang/crates.io-index"
checksum = "473976d7a8620bb1e06dcdd184407c2363fe4fec8e983ee03ed9197222634a31"
dependencies = [
 "owo-colors",
 "supports-color",
]

[[package]]
name = "is_ci"
version = "1.2.0"
source = "registry+https://github.com/rust-lang/crates.io-index"
checksum = "7655c9839580ee829dfacba1d1278c2b7883e50a277ff7541299489d6bdfdc45"

[[package]]
name = "libmeow"
version = "0.0.0"

[[package]]
name = "meow-zip"
version = "0.0.0"
dependencies = [
 "bpaf",
 "libmeow",
]

[[package]]
name = "owo-colors"
version = "4.2.3"
source = "registry+https://github.com/rust-lang/crates.io-index"
checksum = "9c6901729fa79e91a0913333229e9ca5dc725089d1c363b2f4b4760709dc4a52"

[[package]]
name = "supports-color"
version = "3.0.2"
source = "registry+https://github.com/rust-lang/crates.io-index"
checksum = "c64fc7232dd8d2e4ac5ce4ef302b1d81e0b80d055b9d77c7c4f51f6aa4c867d6"
dependencies = [
 "is_ci",
]
